// !$*UTF8*$!
{
	archiveVersion = 1;
	classes = {
	};
	objectVersion = 50;
	objects = {

/* Begin PBXBuildFile section */
		E118207921ADF09A00F1959B /* RxSwift.framework in Frameworks */ = {isa = PBXBuildFile; fileRef = E118207821ADF09A00F1959B /* RxSwift.framework */; };
		E118207B21ADF2AA00F1959B /* RxCocoa.framework in Frameworks */ = {isa = PBXBuildFile; fileRef = E118207A21ADF2AA00F1959B /* RxCocoa.framework */; };
		E128675D2211648F00078748 /* DeckViewModel.swift in Sources */ = {isa = PBXBuildFile; fileRef = E128675C2211648F00078748 /* DeckViewModel.swift */; };
		E13C88BD22107D19009EDD13 /* UIColor+Ext.swift in Sources */ = {isa = PBXBuildFile; fileRef = E13C88BB22107D19009EDD13 /* UIColor+Ext.swift */; };
		E13C88BE22107D19009EDD13 /* UIView+Ext.swift in Sources */ = {isa = PBXBuildFile; fileRef = E13C88BC22107D19009EDD13 /* UIView+Ext.swift */; };
		E14715F521AC91690083726D /* Deck.swift in Sources */ = {isa = PBXBuildFile; fileRef = E14715F421AC91690083726D /* Deck.swift */; };
		E14715F821AC95060083726D /* DeckTableViewCell.swift in Sources */ = {isa = PBXBuildFile; fileRef = E14715F721AC95060083726D /* DeckTableViewCell.swift */; };
		E15457E821A4C619002ED341 /* AppDelegate.swift in Sources */ = {isa = PBXBuildFile; fileRef = E15457E721A4C619002ED341 /* AppDelegate.swift */; };
		E15457EA21A4C619002ED341 /* DeckViewController.swift in Sources */ = {isa = PBXBuildFile; fileRef = E15457E921A4C619002ED341 /* DeckViewController.swift */; };
		E15457EF21A4C61B002ED341 /* Assets.xcassets in Resources */ = {isa = PBXBuildFile; fileRef = E15457EE21A4C61B002ED341 /* Assets.xcassets */; };
		E15457F221A4C61B002ED341 /* LaunchScreen.storyboard in Resources */ = {isa = PBXBuildFile; fileRef = E15457F021A4C61B002ED341 /* LaunchScreen.storyboard */; };
		E1DFF2CC2210947600BBB85F /* DeckDataAccessProvider.swift in Sources */ = {isa = PBXBuildFile; fileRef = E1DFF2CB2210947600BBB85F /* DeckDataAccessProvider.swift */; };
		E1DFF2CF221094A200BBB85F /* DeckEntity.swift in Sources */ = {isa = PBXBuildFile; fileRef = E1DFF2CE221094A200BBB85F /* DeckEntity.swift */; };
		E1DFF2D32210D15200BBB85F /* BehaviorRelay+Ext.swift in Sources */ = {isa = PBXBuildFile; fileRef = E1DFF2D22210D15200BBB85F /* BehaviorRelay+Ext.swift */; };
		E1E3A5C221A75C7D0043B441 /* RealmSwift.framework in Frameworks */ = {isa = PBXBuildFile; fileRef = E1E3A5C121A75C7D0043B441 /* RealmSwift.framework */; };
		E1E3A5C421A75D370043B441 /* Realm.framework in Frameworks */ = {isa = PBXBuildFile; fileRef = E1E3A5C321A75D370043B441 /* Realm.framework */; };
/* End PBXBuildFile section */

/* Begin PBXFileReference section */
		E118207821ADF09A00F1959B /* RxSwift.framework */ = {isa = PBXFileReference; lastKnownFileType = wrapper.framework; name = RxSwift.framework; path = Carthage/Build/iOS/RxSwift.framework; sourceTree = "<group>"; };
		E118207A21ADF2AA00F1959B /* RxCocoa.framework */ = {isa = PBXFileReference; lastKnownFileType = wrapper.framework; name = RxCocoa.framework; path = Carthage/Build/iOS/RxCocoa.framework; sourceTree = "<group>"; };
		E122506921A60DF1005B2D12 /* SwipeCellKit.framework */ = {isa = PBXFileReference; lastKnownFileType = wrapper.framework; name = SwipeCellKit.framework; path = Carthage/Build/iOS/SwipeCellKit.framework; sourceTree = "<group>"; };
		E128675C2211648F00078748 /* DeckViewModel.swift */ = {isa = PBXFileReference; fileEncoding = 4; lastKnownFileType = sourcecode.swift; path = DeckViewModel.swift; sourceTree = "<group>"; };
		E13C88BB22107D19009EDD13 /* UIColor+Ext.swift */ = {isa = PBXFileReference; fileEncoding = 4; lastKnownFileType = sourcecode.swift; path = "UIColor+Ext.swift"; sourceTree = "<group>"; };
		E13C88BC22107D19009EDD13 /* UIView+Ext.swift */ = {isa = PBXFileReference; fileEncoding = 4; lastKnownFileType = sourcecode.swift; path = "UIView+Ext.swift"; sourceTree = "<group>"; };
		E14715F421AC91690083726D /* Deck.swift */ = {isa = PBXFileReference; lastKnownFileType = sourcecode.swift; path = Deck.swift; sourceTree = "<group>"; };
		E14715F721AC95060083726D /* DeckTableViewCell.swift */ = {isa = PBXFileReference; lastKnownFileType = sourcecode.swift; path = DeckTableViewCell.swift; sourceTree = "<group>"; };
		E15457E421A4C619002ED341 /* QCards.app */ = {isa = PBXFileReference; explicitFileType = wrapper.application; includeInIndex = 0; path = QCards.app; sourceTree = BUILT_PRODUCTS_DIR; };
		E15457E721A4C619002ED341 /* AppDelegate.swift */ = {isa = PBXFileReference; lastKnownFileType = sourcecode.swift; path = AppDelegate.swift; sourceTree = "<group>"; };
		E15457E921A4C619002ED341 /* DeckViewController.swift */ = {isa = PBXFileReference; lastKnownFileType = sourcecode.swift; path = DeckViewController.swift; sourceTree = "<group>"; };
		E15457EE21A4C61B002ED341 /* Assets.xcassets */ = {isa = PBXFileReference; lastKnownFileType = folder.assetcatalog; path = Assets.xcassets; sourceTree = "<group>"; };
		E15457F121A4C61B002ED341 /* Base */ = {isa = PBXFileReference; lastKnownFileType = file.storyboard; name = Base; path = Base.lproj/LaunchScreen.storyboard; sourceTree = "<group>"; };
		E15457F321A4C61B002ED341 /* Info.plist */ = {isa = PBXFileReference; lastKnownFileType = text.plist.xml; path = Info.plist; sourceTree = "<group>"; };
		E1DFF2CB2210947600BBB85F /* DeckDataAccessProvider.swift */ = {isa = PBXFileReference; fileEncoding = 4; lastKnownFileType = sourcecode.swift; path = DeckDataAccessProvider.swift; sourceTree = "<group>"; };
		E1DFF2CE221094A200BBB85F /* DeckEntity.swift */ = {isa = PBXFileReference; lastKnownFileType = sourcecode.swift; path = DeckEntity.swift; sourceTree = "<group>"; };
		E1DFF2D22210D15200BBB85F /* BehaviorRelay+Ext.swift */ = {isa = PBXFileReference; lastKnownFileType = sourcecode.swift; path = "BehaviorRelay+Ext.swift"; sourceTree = "<group>"; };
		E1E3A5C121A75C7D0043B441 /* RealmSwift.framework */ = {isa = PBXFileReference; lastKnownFileType = wrapper.framework; name = RealmSwift.framework; path = Carthage/Build/iOS/RealmSwift.framework; sourceTree = "<group>"; };
		E1E3A5C321A75D370043B441 /* Realm.framework */ = {isa = PBXFileReference; lastKnownFileType = wrapper.framework; name = Realm.framework; path = Carthage/Build/iOS/Realm.framework; sourceTree = "<group>"; };
/* End PBXFileReference section */

/* Begin PBXFrameworksBuildPhase section */
		E15457E121A4C619002ED341 /* Frameworks */ = {
			isa = PBXFrameworksBuildPhase;
			buildActionMask = 2147483647;
			files = (
				E1E3A5C221A75C7D0043B441 /* RealmSwift.framework in Frameworks */,
				E1E3A5C421A75D370043B441 /* Realm.framework in Frameworks */,
				E118207921ADF09A00F1959B /* RxSwift.framework in Frameworks */,
				E118207B21ADF2AA00F1959B /* RxCocoa.framework in Frameworks */,
			);
			runOnlyForDeploymentPostprocessing = 0;
		};
/* End PBXFrameworksBuildPhase section */

/* Begin PBXGroup section */
		E122506821A60DF0005B2D12 /* Frameworks */ = {
			isa = PBXGroup;
			children = (
				E118207A21ADF2AA00F1959B /* RxCocoa.framework */,
				E118207821ADF09A00F1959B /* RxSwift.framework */,
				E1E3A5C321A75D370043B441 /* Realm.framework */,
				E1E3A5C121A75C7D0043B441 /* RealmSwift.framework */,
				E122506921A60DF1005B2D12 /* SwipeCellKit.framework */,
			);
			name = Frameworks;
			sourceTree = "<group>";
		};
		E13C88BA22107D19009EDD13 /* Extensions */ = {
			isa = PBXGroup;
			children = (
				E13C88BB22107D19009EDD13 /* UIColor+Ext.swift */,
				E13C88BC22107D19009EDD13 /* UIView+Ext.swift */,
				E1DFF2D22210D15200BBB85F /* BehaviorRelay+Ext.swift */,
			);
			path = Extensions;
			sourceTree = "<group>";
		};
		E14715F621AC93E50083726D /* Cells */ = {
			isa = PBXGroup;
			children = (
				E14715F721AC95060083726D /* DeckTableViewCell.swift */,
			);
			path = Cells;
			sourceTree = "<group>";
		};
		E15457DB21A4C619002ED341 = {
			isa = PBXGroup;
			children = (
				E15457E621A4C619002ED341 /* QCards */,
				E15457E521A4C619002ED341 /* Products */,
				E122506821A60DF0005B2D12 /* Frameworks */,
			);
			sourceTree = "<group>";
		};
		E15457E521A4C619002ED341 /* Products */ = {
			isa = PBXGroup;
			children = (
				E15457E421A4C619002ED341 /* QCards.app */,
			);
			name = Products;
			sourceTree = "<group>";
		};
		E15457E621A4C619002ED341 /* QCards */ = {
			isa = PBXGroup;
			children = (
				E1DFF2C92210947600BBB85F /* Data Access */,
				E13C88BA22107D19009EDD13 /* Extensions */,
				E15457FA21A4C638002ED341 /* Controllers */,
				E15457FB21A4C63F002ED341 /* View Models */,
				E15457FC21A4C647002ED341 /* Models */,
				E14715F621AC93E50083726D /* Cells */,
				E15457F921A4C631002ED341 /* Supporting Files */,
				E15457E721A4C619002ED341 /* AppDelegate.swift */,
				E15457F321A4C61B002ED341 /* Info.plist */,
			);
			path = QCards;
			sourceTree = "<group>";
		};
		E15457F921A4C631002ED341 /* Supporting Files */ = {
			isa = PBXGroup;
			children = (
				E15457EE21A4C61B002ED341 /* Assets.xcassets */,
				E15457F021A4C61B002ED341 /* LaunchScreen.storyboard */,
			);
			path = "Supporting Files";
			sourceTree = "<group>";
		};
		E15457FA21A4C638002ED341 /* Controllers */ = {
			isa = PBXGroup;
			children = (
				E15457E921A4C619002ED341 /* DeckViewController.swift */,
			);
			path = Controllers;
			sourceTree = "<group>";
		};
		E15457FB21A4C63F002ED341 /* View Models */ = {
			isa = PBXGroup;
			children = (
				E128675C2211648F00078748 /* DeckViewModel.swift */,
			);
			path = "View Models";
			sourceTree = "<group>";
		};
		E15457FC21A4C647002ED341 /* Models */ = {
			isa = PBXGroup;
			children = (
				E14715F421AC91690083726D /* Deck.swift */,
			);
			path = Models;
			sourceTree = "<group>";
		};
		E1DFF2C92210947600BBB85F /* Data Access */ = {
			isa = PBXGroup;
			children = (
				E1DFF2CD2210948400BBB85F /* Entities */,
				E1DFF2CA2210947600BBB85F /* Data Access Providers */,
			);
			path = "Data Access";
			sourceTree = "<group>";
		};
		E1DFF2CA2210947600BBB85F /* Data Access Providers */ = {
			isa = PBXGroup;
			children = (
				E1DFF2CB2210947600BBB85F /* DeckDataAccessProvider.swift */,
			);
			path = "Data Access Providers";
			sourceTree = "<group>";
		};
		E1DFF2CD2210948400BBB85F /* Entities */ = {
			isa = PBXGroup;
			children = (
				E1DFF2CE221094A200BBB85F /* DeckEntity.swift */,
			);
			path = Entities;
			sourceTree = "<group>";
		};
/* End PBXGroup section */

/* Begin PBXNativeTarget section */
		E15457E321A4C619002ED341 /* QCards */ = {
			isa = PBXNativeTarget;
			buildConfigurationList = E15457F621A4C61B002ED341 /* Build configuration list for PBXNativeTarget "QCards" */;
			buildPhases = (
				E15457E021A4C619002ED341 /* Sources */,
				E15457E121A4C619002ED341 /* Frameworks */,
				E15457E221A4C619002ED341 /* Resources */,
				E122506721A60CD9005B2D12 /* Carthage Copy Frameworks */,
				E118207C21ADF89E00F1959B /* SwiftLint */,
			);
			buildRules = (
			);
			dependencies = (
			);
			name = QCards;
			productName = QCards;
			productReference = E15457E421A4C619002ED341 /* QCards.app */;
			productType = "com.apple.product-type.application";
		};
/* End PBXNativeTarget section */

/* Begin PBXProject section */
		E15457DC21A4C619002ED341 /* Project object */ = {
			isa = PBXProject;
			attributes = {
				LastSwiftUpdateCheck = 1010;
				LastUpgradeCheck = 1010;
				ORGANIZATIONNAME = "Andreas Lüdemann";
				TargetAttributes = {
					E15457E321A4C619002ED341 = {
						CreatedOnToolsVersion = 10.1;
					};
				};
			};
			buildConfigurationList = E15457DF21A4C619002ED341 /* Build configuration list for PBXProject "QCards" */;
			compatibilityVersion = "Xcode 9.3";
			developmentRegion = en;
			hasScannedForEncodings = 0;
			knownRegions = (
				en,
				Base,
			);
			mainGroup = E15457DB21A4C619002ED341;
			productRefGroup = E15457E521A4C619002ED341 /* Products */;
			projectDirPath = "";
			projectRoot = "";
			targets = (
				E15457E321A4C619002ED341 /* QCards */,
			);
		};
/* End PBXProject section */

/* Begin PBXResourcesBuildPhase section */
		E15457E221A4C619002ED341 /* Resources */ = {
			isa = PBXResourcesBuildPhase;
			buildActionMask = 2147483647;
			files = (
				E15457F221A4C61B002ED341 /* LaunchScreen.storyboard in Resources */,
				E15457EF21A4C61B002ED341 /* Assets.xcassets in Resources */,
			);
			runOnlyForDeploymentPostprocessing = 0;
		};
/* End PBXResourcesBuildPhase section */

/* Begin PBXShellScriptBuildPhase section */
		E118207C21ADF89E00F1959B /* SwiftLint */ = {
			isa = PBXShellScriptBuildPhase;
			buildActionMask = 2147483647;
			files = (
			);
			inputFileListPaths = (
			);
			inputPaths = (
			);
			name = SwiftLint;
			outputFileListPaths = (
			);
			outputPaths = (
			);
			runOnlyForDeploymentPostprocessing = 0;
			shellPath = /bin/sh;
			shellScript = "if which swiftlint >/dev/null; then\n    swiftlint\nelse\n    echo \"warning: SwiftLint not installed, download from https://github.com/realm/SwiftLint\"\nfi\n";
		};
		E122506721A60CD9005B2D12 /* Carthage Copy Frameworks */ = {
			isa = PBXShellScriptBuildPhase;
			buildActionMask = 2147483647;
			files = (
			);
			inputFileListPaths = (
			);
			inputPaths = (
				"$(SRCROOT)/Carthage/Build/iOS/RealmSwift.framework",
				"$(SRCROOT)/Carthage/Build/iOS/Realm.framework",
				"$(SRCROOT)/Carthage/Build/iOS/RxSwift.framework",
				"$(SRCROOT)/Carthage/Build/iOS/RxCocoa.framework",
			);
			name = "Carthage Copy Frameworks";
			outputFileListPaths = (
			);
			outputPaths = (
				"$(BUILT_PRODUCTS_DIR)/$(FRAMEWORKS_FOLDER_PATH)/RealmSwift.framework",
				"$(BUILT_PRODUCTS_DIR)/$(FRAMEWORKS_FOLDER_PATH)/Realm.framework",
				"$(BUILT_PRODUCTS_DIR)/$(FRAMEWORKS_FOLDER_PATH)/RxSwift.framework",
				"$(BUILT_PRODUCTS_DIR)/$(FRAMEWORKS_FOLDER_PATH)/RxCocoa.framework",
			);
			runOnlyForDeploymentPostprocessing = 0;
			shellPath = /bin/sh;
			shellScript = "/usr/local/bin/carthage copy-frameworks\n";
		};
/* End PBXShellScriptBuildPhase section */

/* Begin PBXSourcesBuildPhase section */
		E15457E021A4C619002ED341 /* Sources */ = {
			isa = PBXSourcesBuildPhase;
			buildActionMask = 2147483647;
			files = (
				E14715F821AC95060083726D /* DeckTableViewCell.swift in Sources */,
				E15457EA21A4C619002ED341 /* DeckViewController.swift in Sources */,
				E13C88BE22107D19009EDD13 /* UIView+Ext.swift in Sources */,
				E128675D2211648F00078748 /* DeckViewModel.swift in Sources */,
				E13C88BD22107D19009EDD13 /* UIColor+Ext.swift in Sources */,
				E14715F521AC91690083726D /* Deck.swift in Sources */,
				E1DFF2CC2210947600BBB85F /* DeckDataAccessProvider.swift in Sources */,
				E1DFF2CF221094A200BBB85F /* DeckEntity.swift in Sources */,
				E15457E821A4C619002ED341 /* AppDelegate.swift in Sources */,
				E1DFF2D32210D15200BBB85F /* BehaviorRelay+Ext.swift in Sources */,
			);
			runOnlyForDeploymentPostprocessing = 0;
		};
/* End PBXSourcesBuildPhase section */

/* Begin PBXVariantGroup section */
		E15457F021A4C61B002ED341 /* LaunchScreen.storyboard */ = {
			isa = PBXVariantGroup;
			children = (
				E15457F121A4C61B002ED341 /* Base */,
			);
			name = LaunchScreen.storyboard;
			sourceTree = "<group>";
		};
/* End PBXVariantGroup section */

/* Begin XCBuildConfiguration section */
		E15457F421A4C61B002ED341 /* Debug */ = {
			isa = XCBuildConfiguration;
			buildSettings = {
				ALWAYS_SEARCH_USER_PATHS = NO;
				CLANG_ANALYZER_NONNULL = YES;
				CLANG_ANALYZER_NUMBER_OBJECT_CONVERSION = YES_AGGRESSIVE;
				CLANG_CXX_LANGUAGE_STANDARD = "gnu++14";
				CLANG_CXX_LIBRARY = "libc++";
				CLANG_ENABLE_MODULES = YES;
				CLANG_ENABLE_OBJC_ARC = YES;
				CLANG_ENABLE_OBJC_WEAK = YES;
				CLANG_WARN_BLOCK_CAPTURE_AUTORELEASING = YES;
				CLANG_WARN_BOOL_CONVERSION = YES;
				CLANG_WARN_COMMA = YES;
				CLANG_WARN_CONSTANT_CONVERSION = YES;
				CLANG_WARN_DEPRECATED_OBJC_IMPLEMENTATIONS = YES;
				CLANG_WARN_DIRECT_OBJC_ISA_USAGE = YES_ERROR;
				CLANG_WARN_DOCUMENTATION_COMMENTS = YES;
				CLANG_WARN_EMPTY_BODY = YES;
				CLANG_WARN_ENUM_CONVERSION = YES;
				CLANG_WARN_INFINITE_RECURSION = YES;
				CLANG_WARN_INT_CONVERSION = YES;
				CLANG_WARN_NON_LITERAL_NULL_CONVERSION = YES;
				CLANG_WARN_OBJC_IMPLICIT_RETAIN_SELF = YES;
				CLANG_WARN_OBJC_LITERAL_CONVERSION = YES;
				CLANG_WARN_OBJC_ROOT_CLASS = YES_ERROR;
				CLANG_WARN_RANGE_LOOP_ANALYSIS = YES;
				CLANG_WARN_STRICT_PROTOTYPES = YES;
				CLANG_WARN_SUSPICIOUS_MOVE = YES;
				CLANG_WARN_UNGUARDED_AVAILABILITY = YES_AGGRESSIVE;
				CLANG_WARN_UNREACHABLE_CODE = YES;
				CLANG_WARN__DUPLICATE_METHOD_MATCH = YES;
				CODE_SIGN_IDENTITY = "iPhone Developer";
				COPY_PHASE_STRIP = NO;
				DEBUG_INFORMATION_FORMAT = dwarf;
				ENABLE_STRICT_OBJC_MSGSEND = YES;
				ENABLE_TESTABILITY = YES;
				GCC_C_LANGUAGE_STANDARD = gnu11;
				GCC_DYNAMIC_NO_PIC = NO;
				GCC_NO_COMMON_BLOCKS = YES;
				GCC_OPTIMIZATION_LEVEL = 0;
				GCC_PREPROCESSOR_DEFINITIONS = (
					"DEBUG=1",
					"$(inherited)",
				);
				GCC_WARN_64_TO_32_BIT_CONVERSION = YES;
				GCC_WARN_ABOUT_RETURN_TYPE = YES_ERROR;
				GCC_WARN_UNDECLARED_SELECTOR = YES;
				GCC_WARN_UNINITIALIZED_AUTOS = YES_AGGRESSIVE;
				GCC_WARN_UNUSED_FUNCTION = YES;
				GCC_WARN_UNUSED_VARIABLE = YES;
				IPHONEOS_DEPLOYMENT_TARGET = 12.1;
				MTL_ENABLE_DEBUG_INFO = INCLUDE_SOURCE;
				MTL_FAST_MATH = YES;
				ONLY_ACTIVE_ARCH = YES;
				SDKROOT = iphoneos;
				SWIFT_ACTIVE_COMPILATION_CONDITIONS = DEBUG;
				SWIFT_OPTIMIZATION_LEVEL = "-Onone";
			};
			name = Debug;
		};
		E15457F521A4C61B002ED341 /* Release */ = {
			isa = XCBuildConfiguration;
			buildSettings = {
				ALWAYS_SEARCH_USER_PATHS = NO;
				CLANG_ANALYZER_NONNULL = YES;
				CLANG_ANALYZER_NUMBER_OBJECT_CONVERSION = YES_AGGRESSIVE;
				CLANG_CXX_LANGUAGE_STANDARD = "gnu++14";
				CLANG_CXX_LIBRARY = "libc++";
				CLANG_ENABLE_MODULES = YES;
				CLANG_ENABLE_OBJC_ARC = YES;
				CLANG_ENABLE_OBJC_WEAK = YES;
				CLANG_WARN_BLOCK_CAPTURE_AUTORELEASING = YES;
				CLANG_WARN_BOOL_CONVERSION = YES;
				CLANG_WARN_COMMA = YES;
				CLANG_WARN_CONSTANT_CONVERSION = YES;
				CLANG_WARN_DEPRECATED_OBJC_IMPLEMENTATIONS = YES;
				CLANG_WARN_DIRECT_OBJC_ISA_USAGE = YES_ERROR;
				CLANG_WARN_DOCUMENTATION_COMMENTS = YES;
				CLANG_WARN_EMPTY_BODY = YES;
				CLANG_WARN_ENUM_CONVERSION = YES;
				CLANG_WARN_INFINITE_RECURSION = YES;
				CLANG_WARN_INT_CONVERSION = YES;
				CLANG_WARN_NON_LITERAL_NULL_CONVERSION = YES;
				CLANG_WARN_OBJC_IMPLICIT_RETAIN_SELF = YES;
				CLANG_WARN_OBJC_LITERAL_CONVERSION = YES;
				CLANG_WARN_OBJC_ROOT_CLASS = YES_ERROR;
				CLANG_WARN_RANGE_LOOP_ANALYSIS = YES;
				CLANG_WARN_STRICT_PROTOTYPES = YES;
				CLANG_WARN_SUSPICIOUS_MOVE = YES;
				CLANG_WARN_UNGUARDED_AVAILABILITY = YES_AGGRESSIVE;
				CLANG_WARN_UNREACHABLE_CODE = YES;
				CLANG_WARN__DUPLICATE_METHOD_MATCH = YES;
				CODE_SIGN_IDENTITY = "iPhone Developer";
				COPY_PHASE_STRIP = NO;
				DEBUG_INFORMATION_FORMAT = "dwarf-with-dsym";
				ENABLE_NS_ASSERTIONS = NO;
				ENABLE_STRICT_OBJC_MSGSEND = YES;
				GCC_C_LANGUAGE_STANDARD = gnu11;
				GCC_NO_COMMON_BLOCKS = YES;
				GCC_WARN_64_TO_32_BIT_CONVERSION = YES;
				GCC_WARN_ABOUT_RETURN_TYPE = YES_ERROR;
				GCC_WARN_UNDECLARED_SELECTOR = YES;
				GCC_WARN_UNINITIALIZED_AUTOS = YES_AGGRESSIVE;
				GCC_WARN_UNUSED_FUNCTION = YES;
				GCC_WARN_UNUSED_VARIABLE = YES;
				IPHONEOS_DEPLOYMENT_TARGET = 12.1;
				MTL_ENABLE_DEBUG_INFO = NO;
				MTL_FAST_MATH = YES;
				SDKROOT = iphoneos;
				SWIFT_COMPILATION_MODE = wholemodule;
				SWIFT_OPTIMIZATION_LEVEL = "-O";
				VALIDATE_PRODUCT = YES;
			};
			name = Release;
		};
		E15457F721A4C61B002ED341 /* Debug */ = {
			isa = XCBuildConfiguration;
			buildSettings = {
				ASSETCATALOG_COMPILER_APPICON_NAME = AppIcon;
				CODE_SIGN_STYLE = Automatic;
				DEVELOPMENT_TEAM = XX77A4QKHR;
				FRAMEWORK_SEARCH_PATHS = (
					"$(inherited)",
					"$(PROJECT_DIR)/Carthage/Build/iOS",
				);
				INFOPLIST_FILE = QCards/Info.plist;
				LD_RUNPATH_SEARCH_PATHS = (
					"$(inherited)",
					"@executable_path/Frameworks",
				);
				PRODUCT_BUNDLE_IDENTIFIER = AL.QCards;
				PRODUCT_NAME = "$(TARGET_NAME)";
				SWIFT_VERSION = 4.2;
				TARGETED_DEVICE_FAMILY = "1,2";
			};
			name = Debug;
		};
		E15457F821A4C61B002ED341 /* Release */ = {
			isa = XCBuildConfiguration;
			buildSettings = {
				ASSETCATALOG_COMPILER_APPICON_NAME = AppIcon;
				CODE_SIGN_STYLE = Automatic;
				DEVELOPMENT_TEAM = XX77A4QKHR;
				FRAMEWORK_SEARCH_PATHS = (
					"$(inherited)",
					"$(PROJECT_DIR)/Carthage/Build/iOS",
				);
				INFOPLIST_FILE = QCards/Info.plist;
				LD_RUNPATH_SEARCH_PATHS = (
					"$(inherited)",
					"@executable_path/Frameworks",
				);
				PRODUCT_BUNDLE_IDENTIFIER = AL.QCards;
				PRODUCT_NAME = "$(TARGET_NAME)";
				SWIFT_VERSION = 4.2;
				TARGETED_DEVICE_FAMILY = "1,2";
			};
			name = Release;
		};
/* End XCBuildConfiguration section */

/* Begin XCConfigurationList section */
		E15457DF21A4C619002ED341 /* Build configuration list for PBXProject "QCards" */ = {
			isa = XCConfigurationList;
			buildConfigurations = (
				E15457F421A4C61B002ED341 /* Debug */,
				E15457F521A4C61B002ED341 /* Release */,
			);
			defaultConfigurationIsVisible = 0;
			defaultConfigurationName = Release;
		};
		E15457F621A4C61B002ED341 /* Build configuration list for PBXNativeTarget "QCards" */ = {
			isa = XCConfigurationList;
			buildConfigurations = (
				E15457F721A4C61B002ED341 /* Debug */,
				E15457F821A4C61B002ED341 /* Release */,
			);
			defaultConfigurationIsVisible = 0;
			defaultConfigurationName = Release;
		};
/* End XCConfigurationList section */
	};
	rootObject = E15457DC21A4C619002ED341 /* Project object */;
}
