// !$*UTF8*$!
{
	archiveVersion = 1;
	classes = {
	};
	objectVersion = 50;
	objects = {

/* Begin PBXBuildFile section */
		E1104B6E22272DA2001FFA9D /* Platform.framework in Frameworks */ = {isa = PBXBuildFile; fileRef = E1104B6722272DA2001FFA9D /* Platform.framework */; };
		E1104B6F22272DA2001FFA9D /* Platform.framework in Embed Frameworks */ = {isa = PBXBuildFile; fileRef = E1104B6722272DA2001FFA9D /* Platform.framework */; settings = {ATTRIBUTES = (CodeSignOnCopy, RemoveHeadersOnCopy, ); }; };
		E1104B8A222735E0001FFA9D /* DomainConvertibleType.swift in Sources */ = {isa = PBXBuildFile; fileRef = E1104B89222735E0001FFA9D /* DomainConvertibleType.swift */; };
		E1104B8C22273601001FFA9D /* RealmRepresentable.swift in Sources */ = {isa = PBXBuildFile; fileRef = E1104B8B22273601001FFA9D /* RealmRepresentable.swift */; };
		E1104B8E22273642001FFA9D /* Repository.swift in Sources */ = {isa = PBXBuildFile; fileRef = E1104B8D22273642001FFA9D /* Repository.swift */; };
		E1104B9122273670001FFA9D /* RunLoopThreadScheduler.swift in Sources */ = {isa = PBXBuildFile; fileRef = E1104B9022273670001FFA9D /* RunLoopThreadScheduler.swift */; };
		E1104B93222736BA001FFA9D /* Observable+Ext.swift in Sources */ = {isa = PBXBuildFile; fileRef = E1104B92222736BA001FFA9D /* Observable+Ext.swift */; };
		E1104B95222736CB001FFA9D /* Realm+Ext.swift in Sources */ = {isa = PBXBuildFile; fileRef = E1104B94222736CB001FFA9D /* Realm+Ext.swift */; };
		E1104BA822274220001FFA9D /* Application.swift in Sources */ = {isa = PBXBuildFile; fileRef = E1104BA722274220001FFA9D /* Application.swift */; };
		E1104BAA222742AF001FFA9D /* DecksUseCase.swift in Sources */ = {isa = PBXBuildFile; fileRef = E1104BA9222742AF001FFA9D /* DecksUseCase.swift */; };
		E1104BAC222742C5001FFA9D /* UseCaseProvider.swift in Sources */ = {isa = PBXBuildFile; fileRef = E1104BAB222742C5001FFA9D /* UseCaseProvider.swift */; };
		E1104BAE222743E3001FFA9D /* RMDeck.swift in Sources */ = {isa = PBXBuildFile; fileRef = E1104BAD222743E3001FFA9D /* RMDeck.swift */; };
		E1104BB222274725001FFA9D /* Expression.swift in Sources */ = {isa = PBXBuildFile; fileRef = E1104BB122274725001FFA9D /* Expression.swift */; };
		E1104BB6222748B0001FFA9D /* ViewModelType.swift in Sources */ = {isa = PBXBuildFile; fileRef = E1104BB5222748B0001FFA9D /* ViewModelType.swift */; };
		E1104BD12227D20A001FFA9D /* Platform.h in Headers */ = {isa = PBXBuildFile; fileRef = E1104BD02227D20A001FFA9D /* Platform.h */; settings = {ATTRIBUTES = (Public, ); }; };
		E1104BD32227D346001FFA9D /* Attribute.swift in Sources */ = {isa = PBXBuildFile; fileRef = E1104BD22227D346001FFA9D /* Attribute.swift */; };
		E116045D22D0C30D00E64FD4 /* CardsNavigator.swift in Sources */ = {isa = PBXBuildFile; fileRef = E116045C22D0C30D00E64FD4 /* CardsNavigator.swift */; };
		E116045F22D0C47F00E64FD4 /* CardsViewController.swift in Sources */ = {isa = PBXBuildFile; fileRef = E116045E22D0C47F00E64FD4 /* CardsViewController.swift */; };
		E116046122D0E72700E64FD4 /* CardsViewModel.swift in Sources */ = {isa = PBXBuildFile; fileRef = E116046022D0E72700E64FD4 /* CardsViewModel.swift */; };
		E116046522D259B800E64FD4 /* RowAction.swift in Sources */ = {isa = PBXBuildFile; fileRef = E116046422D259B800E64FD4 /* RowAction.swift */; };
		E116046822D2A4AC00E64FD4 /* CreateCardViewController.swift in Sources */ = {isa = PBXBuildFile; fileRef = E116046722D2A4AC00E64FD4 /* CreateCardViewController.swift */; };
		E116046A22D2A4C300E64FD4 /* CreateCardNavigator.swift in Sources */ = {isa = PBXBuildFile; fileRef = E116046922D2A4C300E64FD4 /* CreateCardNavigator.swift */; };
		E116046C22D2A54900E64FD4 /* CreateCardViewModel.swift in Sources */ = {isa = PBXBuildFile; fileRef = E116046B22D2A54900E64FD4 /* CreateCardViewModel.swift */; };
		E116046E22D2A76700E64FD4 /* Card.swift in Sources */ = {isa = PBXBuildFile; fileRef = E116046D22D2A76700E64FD4 /* Card.swift */; };
		E116047022D2AFF700E64FD4 /* CardsUseCase.swift in Sources */ = {isa = PBXBuildFile; fileRef = E116046F22D2AFF700E64FD4 /* CardsUseCase.swift */; };
		E116047222D2B0C100E64FD4 /* RMCard.swift in Sources */ = {isa = PBXBuildFile; fileRef = E116047122D2B0C100E64FD4 /* RMCard.swift */; };
		E116047422D2B17C00E64FD4 /* CardsUseCase.swift in Sources */ = {isa = PBXBuildFile; fileRef = E116047322D2B17C00E64FD4 /* CardsUseCase.swift */; };
		E118207921ADF09A00F1959B /* RxSwift.framework in Frameworks */ = {isa = PBXBuildFile; fileRef = E118207821ADF09A00F1959B /* RxSwift.framework */; };
		E118207B21ADF2AA00F1959B /* RxCocoa.framework in Frameworks */ = {isa = PBXBuildFile; fileRef = E118207A21ADF2AA00F1959B /* RxCocoa.framework */; };
		E13C88BD22107D19009EDD13 /* UIColor+Ext.swift in Sources */ = {isa = PBXBuildFile; fileRef = E13C88BB22107D19009EDD13 /* UIColor+Ext.swift */; };
		E13C88BE22107D19009EDD13 /* UIView+Ext.swift in Sources */ = {isa = PBXBuildFile; fileRef = E13C88BC22107D19009EDD13 /* UIView+Ext.swift */; };
		E15457E821A4C619002ED341 /* AppDelegate.swift in Sources */ = {isa = PBXBuildFile; fileRef = E15457E721A4C619002ED341 /* AppDelegate.swift */; };
		E15457EF21A4C61B002ED341 /* Assets.xcassets in Resources */ = {isa = PBXBuildFile; fileRef = E15457EE21A4C61B002ED341 /* Assets.xcassets */; };
		E15457F221A4C61B002ED341 /* LaunchScreen.storyboard in Resources */ = {isa = PBXBuildFile; fileRef = E15457F021A4C61B002ED341 /* LaunchScreen.storyboard */; };
		E154F9772215697C00A7081B /* UIAlertController+Ext.swift in Sources */ = {isa = PBXBuildFile; fileRef = E154F9762215697C00A7081B /* UIAlertController+Ext.swift */; };
		E1A854E522D7830F0082574B /* EditCardNavigator.swift in Sources */ = {isa = PBXBuildFile; fileRef = E1A854E422D7830F0082574B /* EditCardNavigator.swift */; };
		E1A854E722D7831F0082574B /* EditCardViewController.swift in Sources */ = {isa = PBXBuildFile; fileRef = E1A854E622D7831F0082574B /* EditCardViewController.swift */; };
		E1A854E922D7832C0082574B /* EditCardViewModel.swift in Sources */ = {isa = PBXBuildFile; fileRef = E1A854E822D7832C0082574B /* EditCardViewModel.swift */; };
		E1BFE4EC221CB0B1005FF6DB /* RxRealm.framework in Frameworks */ = {isa = PBXBuildFile; fileRef = E1BFE4EB221CB0B1005FF6DB /* RxRealm.framework */; };
		E1C6C78822CFB61000AE2484 /* Differentiator.framework in Frameworks */ = {isa = PBXBuildFile; fileRef = E1C6C78722CFB61000AE2484 /* Differentiator.framework */; };
		E1DB59F622CF8499000387A6 /* RxDataSources.framework in Frameworks */ = {isa = PBXBuildFile; fileRef = E1DB59F522CF8499000387A6 /* RxDataSources.framework */; };
		E1E3A5C221A75C7D0043B441 /* RealmSwift.framework in Frameworks */ = {isa = PBXBuildFile; fileRef = E1E3A5C121A75C7D0043B441 /* RealmSwift.framework */; };
		E1E3A5C421A75D370043B441 /* Realm.framework in Frameworks */ = {isa = PBXBuildFile; fileRef = E1E3A5C321A75D370043B441 /* Realm.framework */; };
		E1E518B9222DB7F000E4AED2 /* Domain.framework in Frameworks */ = {isa = PBXBuildFile; fileRef = E1E518B2222DB7F000E4AED2 /* Domain.framework */; };
		E1E518BA222DB7F000E4AED2 /* Domain.framework in Embed Frameworks */ = {isa = PBXBuildFile; fileRef = E1E518B2222DB7F000E4AED2 /* Domain.framework */; settings = {ATTRIBUTES = (CodeSignOnCopy, RemoveHeadersOnCopy, ); }; };
		E1E518C3222DB87200E4AED2 /* Domain.h in Headers */ = {isa = PBXBuildFile; fileRef = E1E518C1222DB87200E4AED2 /* Domain.h */; settings = {ATTRIBUTES = (Public, ); }; };
		E1E518C6222DB9A900E4AED2 /* Deck.swift in Sources */ = {isa = PBXBuildFile; fileRef = E1E518C5222DB9A900E4AED2 /* Deck.swift */; };
		E1E518CA222DB9E400E4AED2 /* UseCaseProvider.swift in Sources */ = {isa = PBXBuildFile; fileRef = E1E518C9222DB9E400E4AED2 /* UseCaseProvider.swift */; };
		E1E518CC222DB9F000E4AED2 /* DecksUseCase.swift in Sources */ = {isa = PBXBuildFile; fileRef = E1E518CB222DB9F000E4AED2 /* DecksUseCase.swift */; };
		E1ED1DC822D7D4DF0052AEA9 /* CardTableViewCell.swift in Sources */ = {isa = PBXBuildFile; fileRef = E1ED1DC622D7D4DF0052AEA9 /* CardTableViewCell.swift */; };
		E1ED1DC922D7D4DF0052AEA9 /* CardItemViewModel.swift in Sources */ = {isa = PBXBuildFile; fileRef = E1ED1DC722D7D4DF0052AEA9 /* CardItemViewModel.swift */; };
		E1FEDA5622419A1100D17BE3 /* DecksNavigator.swift in Sources */ = {isa = PBXBuildFile; fileRef = E1FEDA5522419A1100D17BE3 /* DecksNavigator.swift */; };
		E1FEDA582242E0BA00D17BE3 /* DecksViewModel.swift in Sources */ = {isa = PBXBuildFile; fileRef = E1FEDA572242E0BA00D17BE3 /* DecksViewModel.swift */; };
		E1FEDA5A2242E0FE00D17BE3 /* DecksViewController.swift in Sources */ = {isa = PBXBuildFile; fileRef = E1FEDA592242E0FE00D17BE3 /* DecksViewController.swift */; };
		E1FEDA5C2242E4BE00D17BE3 /* Observable+Ext.swift in Sources */ = {isa = PBXBuildFile; fileRef = E1FEDA5B2242E4BE00D17BE3 /* Observable+Ext.swift */; };
		E1FEDA5E2242E75700D17BE3 /* DeckItemViewModel.swift in Sources */ = {isa = PBXBuildFile; fileRef = E1FEDA5D2242E75700D17BE3 /* DeckItemViewModel.swift */; };
		E1FEDA602242E90400D17BE3 /* DeckTableViewCell.swift in Sources */ = {isa = PBXBuildFile; fileRef = E1FEDA5F2242E90400D17BE3 /* DeckTableViewCell.swift */; };
		E1FEDA622242EBAF00D17BE3 /* Reusable.swift in Sources */ = {isa = PBXBuildFile; fileRef = E1FEDA612242EBAF00D17BE3 /* Reusable.swift */; };
/* End PBXBuildFile section */

/* Begin PBXContainerItemProxy section */
		E1104B6C22272DA2001FFA9D /* PBXContainerItemProxy */ = {
			isa = PBXContainerItemProxy;
			containerPortal = E15457DC21A4C619002ED341 /* Project object */;
			proxyType = 1;
			remoteGlobalIDString = E1104B6622272DA2001FFA9D;
			remoteInfo = Platform;
		};
		E1E518B7222DB7F000E4AED2 /* PBXContainerItemProxy */ = {
			isa = PBXContainerItemProxy;
			containerPortal = E15457DC21A4C619002ED341 /* Project object */;
			proxyType = 1;
			remoteGlobalIDString = E1E518B1222DB7F000E4AED2;
			remoteInfo = Domain;
		};
/* End PBXContainerItemProxy section */

/* Begin PBXCopyFilesBuildPhase section */
		E1104B6122272D92001FFA9D /* Embed Frameworks */ = {
			isa = PBXCopyFilesBuildPhase;
			buildActionMask = 2147483647;
			dstPath = "";
			dstSubfolderSpec = 10;
			files = (
				E1E518BA222DB7F000E4AED2 /* Domain.framework in Embed Frameworks */,
				E1104B6F22272DA2001FFA9D /* Platform.framework in Embed Frameworks */,
			);
			name = "Embed Frameworks";
			runOnlyForDeploymentPostprocessing = 0;
		};
/* End PBXCopyFilesBuildPhase section */

/* Begin PBXFileReference section */
		E1104B6722272DA2001FFA9D /* Platform.framework */ = {isa = PBXFileReference; explicitFileType = wrapper.framework; includeInIndex = 0; path = Platform.framework; sourceTree = BUILT_PRODUCTS_DIR; };
		E1104B6A22272DA2001FFA9D /* Info.plist */ = {isa = PBXFileReference; lastKnownFileType = text.plist.xml; path = Info.plist; sourceTree = "<group>"; };
		E1104B89222735E0001FFA9D /* DomainConvertibleType.swift */ = {isa = PBXFileReference; lastKnownFileType = sourcecode.swift; path = DomainConvertibleType.swift; sourceTree = "<group>"; };
		E1104B8B22273601001FFA9D /* RealmRepresentable.swift */ = {isa = PBXFileReference; lastKnownFileType = sourcecode.swift; path = RealmRepresentable.swift; sourceTree = "<group>"; };
		E1104B8D22273642001FFA9D /* Repository.swift */ = {isa = PBXFileReference; lastKnownFileType = sourcecode.swift; path = Repository.swift; sourceTree = "<group>"; };
		E1104B9022273670001FFA9D /* RunLoopThreadScheduler.swift */ = {isa = PBXFileReference; lastKnownFileType = sourcecode.swift; path = RunLoopThreadScheduler.swift; sourceTree = "<group>"; };
		E1104B92222736BA001FFA9D /* Observable+Ext.swift */ = {isa = PBXFileReference; lastKnownFileType = sourcecode.swift; path = "Observable+Ext.swift"; sourceTree = "<group>"; };
		E1104B94222736CB001FFA9D /* Realm+Ext.swift */ = {isa = PBXFileReference; lastKnownFileType = sourcecode.swift; path = "Realm+Ext.swift"; sourceTree = "<group>"; };
		E1104BA722274220001FFA9D /* Application.swift */ = {isa = PBXFileReference; lastKnownFileType = sourcecode.swift; path = Application.swift; sourceTree = "<group>"; };
		E1104BA9222742AF001FFA9D /* DecksUseCase.swift */ = {isa = PBXFileReference; lastKnownFileType = sourcecode.swift; path = DecksUseCase.swift; sourceTree = "<group>"; };
		E1104BAB222742C5001FFA9D /* UseCaseProvider.swift */ = {isa = PBXFileReference; lastKnownFileType = sourcecode.swift; path = UseCaseProvider.swift; sourceTree = "<group>"; };
		E1104BAD222743E3001FFA9D /* RMDeck.swift */ = {isa = PBXFileReference; lastKnownFileType = sourcecode.swift; path = RMDeck.swift; sourceTree = "<group>"; };
		E1104BB122274725001FFA9D /* Expression.swift */ = {isa = PBXFileReference; lastKnownFileType = sourcecode.swift; path = Expression.swift; sourceTree = "<group>"; };
		E1104BB5222748B0001FFA9D /* ViewModelType.swift */ = {isa = PBXFileReference; lastKnownFileType = sourcecode.swift; path = ViewModelType.swift; sourceTree = "<group>"; };
		E1104BD02227D20A001FFA9D /* Platform.h */ = {isa = PBXFileReference; lastKnownFileType = sourcecode.c.h; path = Platform.h; sourceTree = "<group>"; };
		E1104BD22227D346001FFA9D /* Attribute.swift */ = {isa = PBXFileReference; lastKnownFileType = sourcecode.swift; path = Attribute.swift; sourceTree = "<group>"; };
		E116045C22D0C30D00E64FD4 /* CardsNavigator.swift */ = {isa = PBXFileReference; lastKnownFileType = sourcecode.swift; path = CardsNavigator.swift; sourceTree = "<group>"; };
		E116045E22D0C47F00E64FD4 /* CardsViewController.swift */ = {isa = PBXFileReference; lastKnownFileType = sourcecode.swift; path = CardsViewController.swift; sourceTree = "<group>"; };
		E116046022D0E72700E64FD4 /* CardsViewModel.swift */ = {isa = PBXFileReference; lastKnownFileType = sourcecode.swift; path = CardsViewModel.swift; sourceTree = "<group>"; };
		E116046422D259B800E64FD4 /* RowAction.swift */ = {isa = PBXFileReference; lastKnownFileType = sourcecode.swift; path = RowAction.swift; sourceTree = "<group>"; };
		E116046722D2A4AC00E64FD4 /* CreateCardViewController.swift */ = {isa = PBXFileReference; lastKnownFileType = sourcecode.swift; path = CreateCardViewController.swift; sourceTree = "<group>"; };
		E116046922D2A4C300E64FD4 /* CreateCardNavigator.swift */ = {isa = PBXFileReference; lastKnownFileType = sourcecode.swift; path = CreateCardNavigator.swift; sourceTree = "<group>"; };
		E116046B22D2A54900E64FD4 /* CreateCardViewModel.swift */ = {isa = PBXFileReference; lastKnownFileType = sourcecode.swift; path = CreateCardViewModel.swift; sourceTree = "<group>"; };
		E116046D22D2A76700E64FD4 /* Card.swift */ = {isa = PBXFileReference; lastKnownFileType = sourcecode.swift; path = Card.swift; sourceTree = "<group>"; };
		E116046F22D2AFF700E64FD4 /* CardsUseCase.swift */ = {isa = PBXFileReference; lastKnownFileType = sourcecode.swift; path = CardsUseCase.swift; sourceTree = "<group>"; };
		E116047122D2B0C100E64FD4 /* RMCard.swift */ = {isa = PBXFileReference; lastKnownFileType = sourcecode.swift; path = RMCard.swift; sourceTree = "<group>"; };
		E116047322D2B17C00E64FD4 /* CardsUseCase.swift */ = {isa = PBXFileReference; lastKnownFileType = sourcecode.swift; path = CardsUseCase.swift; sourceTree = "<group>"; };
		E118207821ADF09A00F1959B /* RxSwift.framework */ = {isa = PBXFileReference; lastKnownFileType = wrapper.framework; name = RxSwift.framework; path = Carthage/Build/iOS/RxSwift.framework; sourceTree = "<group>"; };
		E118207A21ADF2AA00F1959B /* RxCocoa.framework */ = {isa = PBXFileReference; lastKnownFileType = wrapper.framework; name = RxCocoa.framework; path = Carthage/Build/iOS/RxCocoa.framework; sourceTree = "<group>"; };
		E13C88BB22107D19009EDD13 /* UIColor+Ext.swift */ = {isa = PBXFileReference; fileEncoding = 4; lastKnownFileType = sourcecode.swift; path = "UIColor+Ext.swift"; sourceTree = "<group>"; };
		E13C88BC22107D19009EDD13 /* UIView+Ext.swift */ = {isa = PBXFileReference; fileEncoding = 4; lastKnownFileType = sourcecode.swift; path = "UIView+Ext.swift"; sourceTree = "<group>"; };
		E15457E421A4C619002ED341 /* QCards.app */ = {isa = PBXFileReference; explicitFileType = wrapper.application; includeInIndex = 0; path = QCards.app; sourceTree = BUILT_PRODUCTS_DIR; };
		E15457E721A4C619002ED341 /* AppDelegate.swift */ = {isa = PBXFileReference; lastKnownFileType = sourcecode.swift; path = AppDelegate.swift; sourceTree = "<group>"; };
		E15457EE21A4C61B002ED341 /* Assets.xcassets */ = {isa = PBXFileReference; lastKnownFileType = folder.assetcatalog; path = Assets.xcassets; sourceTree = "<group>"; };
		E15457F121A4C61B002ED341 /* Base */ = {isa = PBXFileReference; lastKnownFileType = file.storyboard; name = Base; path = Base.lproj/LaunchScreen.storyboard; sourceTree = "<group>"; };
		E15457F321A4C61B002ED341 /* Info.plist */ = {isa = PBXFileReference; lastKnownFileType = text.plist.xml; path = Info.plist; sourceTree = "<group>"; };
		E154F9762215697C00A7081B /* UIAlertController+Ext.swift */ = {isa = PBXFileReference; lastKnownFileType = sourcecode.swift; path = "UIAlertController+Ext.swift"; sourceTree = "<group>"; };
		E1A854E422D7830F0082574B /* EditCardNavigator.swift */ = {isa = PBXFileReference; lastKnownFileType = sourcecode.swift; path = EditCardNavigator.swift; sourceTree = "<group>"; };
		E1A854E622D7831F0082574B /* EditCardViewController.swift */ = {isa = PBXFileReference; lastKnownFileType = sourcecode.swift; path = EditCardViewController.swift; sourceTree = "<group>"; };
		E1A854E822D7832C0082574B /* EditCardViewModel.swift */ = {isa = PBXFileReference; lastKnownFileType = sourcecode.swift; path = EditCardViewModel.swift; sourceTree = "<group>"; };
		E1BFE4EB221CB0B1005FF6DB /* RxRealm.framework */ = {isa = PBXFileReference; lastKnownFileType = wrapper.framework; name = RxRealm.framework; path = Carthage/Build/iOS/RxRealm.framework; sourceTree = "<group>"; };
		E1C6C78722CFB61000AE2484 /* Differentiator.framework */ = {isa = PBXFileReference; lastKnownFileType = wrapper.framework; name = Differentiator.framework; path = Carthage/Build/iOS/Differentiator.framework; sourceTree = "<group>"; };
		E1DB59F522CF8499000387A6 /* RxDataSources.framework */ = {isa = PBXFileReference; lastKnownFileType = wrapper.framework; name = RxDataSources.framework; path = Carthage/Build/iOS/RxDataSources.framework; sourceTree = "<group>"; };
		E1E3A5C121A75C7D0043B441 /* RealmSwift.framework */ = {isa = PBXFileReference; lastKnownFileType = wrapper.framework; name = RealmSwift.framework; path = Carthage/Build/iOS/RealmSwift.framework; sourceTree = "<group>"; };
		E1E3A5C321A75D370043B441 /* Realm.framework */ = {isa = PBXFileReference; lastKnownFileType = wrapper.framework; name = Realm.framework; path = Carthage/Build/iOS/Realm.framework; sourceTree = "<group>"; };
		E1E518B2222DB7F000E4AED2 /* Domain.framework */ = {isa = PBXFileReference; explicitFileType = wrapper.framework; includeInIndex = 0; path = Domain.framework; sourceTree = BUILT_PRODUCTS_DIR; };
		E1E518C1222DB87200E4AED2 /* Domain.h */ = {isa = PBXFileReference; fileEncoding = 4; lastKnownFileType = sourcecode.c.h; path = Domain.h; sourceTree = "<group>"; };
		E1E518C2222DB87200E4AED2 /* Info.plist */ = {isa = PBXFileReference; fileEncoding = 4; lastKnownFileType = text.plist.xml; path = Info.plist; sourceTree = "<group>"; };
		E1E518C5222DB9A900E4AED2 /* Deck.swift */ = {isa = PBXFileReference; lastKnownFileType = sourcecode.swift; path = Deck.swift; sourceTree = "<group>"; };
		E1E518C9222DB9E400E4AED2 /* UseCaseProvider.swift */ = {isa = PBXFileReference; lastKnownFileType = sourcecode.swift; path = UseCaseProvider.swift; sourceTree = "<group>"; };
		E1E518CB222DB9F000E4AED2 /* DecksUseCase.swift */ = {isa = PBXFileReference; lastKnownFileType = sourcecode.swift; path = DecksUseCase.swift; sourceTree = "<group>"; };
		E1ED1DC622D7D4DF0052AEA9 /* CardTableViewCell.swift */ = {isa = PBXFileReference; fileEncoding = 4; lastKnownFileType = sourcecode.swift; path = CardTableViewCell.swift; sourceTree = "<group>"; };
		E1ED1DC722D7D4DF0052AEA9 /* CardItemViewModel.swift */ = {isa = PBXFileReference; fileEncoding = 4; lastKnownFileType = sourcecode.swift; path = CardItemViewModel.swift; sourceTree = "<group>"; };
		E1FEDA5522419A1100D17BE3 /* DecksNavigator.swift */ = {isa = PBXFileReference; lastKnownFileType = sourcecode.swift; path = DecksNavigator.swift; sourceTree = "<group>"; };
		E1FEDA572242E0BA00D17BE3 /* DecksViewModel.swift */ = {isa = PBXFileReference; lastKnownFileType = sourcecode.swift; path = DecksViewModel.swift; sourceTree = "<group>"; };
		E1FEDA592242E0FE00D17BE3 /* DecksViewController.swift */ = {isa = PBXFileReference; lastKnownFileType = sourcecode.swift; path = DecksViewController.swift; sourceTree = "<group>"; };
		E1FEDA5B2242E4BE00D17BE3 /* Observable+Ext.swift */ = {isa = PBXFileReference; lastKnownFileType = sourcecode.swift; path = "Observable+Ext.swift"; sourceTree = "<group>"; };
		E1FEDA5D2242E75700D17BE3 /* DeckItemViewModel.swift */ = {isa = PBXFileReference; lastKnownFileType = sourcecode.swift; path = DeckItemViewModel.swift; sourceTree = "<group>"; };
		E1FEDA5F2242E90400D17BE3 /* DeckTableViewCell.swift */ = {isa = PBXFileReference; lastKnownFileType = sourcecode.swift; path = DeckTableViewCell.swift; sourceTree = "<group>"; };
		E1FEDA612242EBAF00D17BE3 /* Reusable.swift */ = {isa = PBXFileReference; lastKnownFileType = sourcecode.swift; path = Reusable.swift; sourceTree = "<group>"; };
/* End PBXFileReference section */

/* Begin PBXFrameworksBuildPhase section */
		E1104B6422272DA2001FFA9D /* Frameworks */ = {
			isa = PBXFrameworksBuildPhase;
			buildActionMask = 2147483647;
			files = (
			);
			runOnlyForDeploymentPostprocessing = 0;
		};
		E15457E121A4C619002ED341 /* Frameworks */ = {
			isa = PBXFrameworksBuildPhase;
			buildActionMask = 2147483647;
			files = (
				E1E518B9222DB7F000E4AED2 /* Domain.framework in Frameworks */,
				E1104B6E22272DA2001FFA9D /* Platform.framework in Frameworks */,
				E1BFE4EC221CB0B1005FF6DB /* RxRealm.framework in Frameworks */,
				E1E3A5C221A75C7D0043B441 /* RealmSwift.framework in Frameworks */,
				E1E3A5C421A75D370043B441 /* Realm.framework in Frameworks */,
				E118207921ADF09A00F1959B /* RxSwift.framework in Frameworks */,
				E118207B21ADF2AA00F1959B /* RxCocoa.framework in Frameworks */,
				E1DB59F622CF8499000387A6 /* RxDataSources.framework in Frameworks */,
				E1C6C78822CFB61000AE2484 /* Differentiator.framework in Frameworks */,
			);
			runOnlyForDeploymentPostprocessing = 0;
		};
		E1E518AF222DB7F000E4AED2 /* Frameworks */ = {
			isa = PBXFrameworksBuildPhase;
			buildActionMask = 2147483647;
			files = (
			);
			runOnlyForDeploymentPostprocessing = 0;
		};
/* End PBXFrameworksBuildPhase section */

/* Begin PBXGroup section */
		E1104B6822272DA2001FFA9D /* Platform */ = {
			isa = PBXGroup;
			children = (
				E1104B822227354E001FFA9D /* Entities */,
				E1104B8322273554001FFA9D /* Repository */,
				E1104B852227356D001FFA9D /* Use Cases */,
				E1104B842227355E001FFA9D /* Utility */,
				E1104BD02227D20A001FFA9D /* Platform.h */,
				E1104B6A22272DA2001FFA9D /* Info.plist */,
			);
			path = Platform;
			sourceTree = "<group>";
		};
		E1104B822227354E001FFA9D /* Entities */ = {
			isa = PBXGroup;
			children = (
				E1104B88222735C2001FFA9D /* Conversion */,
				E1104BAD222743E3001FFA9D /* RMDeck.swift */,
				E116047122D2B0C100E64FD4 /* RMCard.swift */,
			);
			path = Entities;
			sourceTree = "<group>";
		};
		E1104B8322273554001FFA9D /* Repository */ = {
			isa = PBXGroup;
			children = (
				E1104B8D22273642001FFA9D /* Repository.swift */,
			);
			path = Repository;
			sourceTree = "<group>";
		};
		E1104B842227355E001FFA9D /* Utility */ = {
			isa = PBXGroup;
			children = (
				E1104B8622273599001FFA9D /* Extensions */,
				E1104B8F22273657001FFA9D /* RxUnits */,
			);
			path = Utility;
			sourceTree = "<group>";
		};
		E1104B852227356D001FFA9D /* Use Cases */ = {
			isa = PBXGroup;
			children = (
				E1104BAB222742C5001FFA9D /* UseCaseProvider.swift */,
				E1104BA9222742AF001FFA9D /* DecksUseCase.swift */,
				E116047322D2B17C00E64FD4 /* CardsUseCase.swift */,
			);
			path = "Use Cases";
			sourceTree = "<group>";
		};
		E1104B8622273599001FFA9D /* Extensions */ = {
			isa = PBXGroup;
			children = (
				E1104B92222736BA001FFA9D /* Observable+Ext.swift */,
				E1104B94222736CB001FFA9D /* Realm+Ext.swift */,
			);
			path = Extensions;
			sourceTree = "<group>";
		};
		E1104B88222735C2001FFA9D /* Conversion */ = {
			isa = PBXGroup;
			children = (
				E1104B89222735E0001FFA9D /* DomainConvertibleType.swift */,
				E1104B8B22273601001FFA9D /* RealmRepresentable.swift */,
				E1104BB122274725001FFA9D /* Expression.swift */,
				E1104BD22227D346001FFA9D /* Attribute.swift */,
			);
			path = Conversion;
			sourceTree = "<group>";
		};
		E1104B8F22273657001FFA9D /* RxUnits */ = {
			isa = PBXGroup;
			children = (
				E1104B9022273670001FFA9D /* RunLoopThreadScheduler.swift */,
			);
			path = RxUnits;
			sourceTree = "<group>";
		};
		E1104BA62227420B001FFA9D /* Application */ = {
			isa = PBXGroup;
			children = (
				E1104BA722274220001FFA9D /* Application.swift */,
			);
			path = Application;
			sourceTree = "<group>";
		};
		E1104BB42227488A001FFA9D /* Common */ = {
			isa = PBXGroup;
			children = (
				E1104BB5222748B0001FFA9D /* ViewModelType.swift */,
				E116046422D259B800E64FD4 /* RowAction.swift */,
			);
			path = Common;
			sourceTree = "<group>";
		};
		E1104BB7222748DE001FFA9D /* Scenes */ = {
			isa = PBXGroup;
			children = (
				E1104BB822274917001FFA9D /* AllDecks */,
				E116045B22D0C2EF00E64FD4 /* AllCards */,
				E116046622D2A46A00E64FD4 /* CreateCard */,
				E1A854E322D782FA0082574B /* EditCard */,
			);
			path = Scenes;
			sourceTree = "<group>";
		};
		E1104BB822274917001FFA9D /* AllDecks */ = {
			isa = PBXGroup;
			children = (
				E1FEDA5522419A1100D17BE3 /* DecksNavigator.swift */,
				E1FEDA592242E0FE00D17BE3 /* DecksViewController.swift */,
				E1FEDA572242E0BA00D17BE3 /* DecksViewModel.swift */,
				E1FEDA5F2242E90400D17BE3 /* DeckTableViewCell.swift */,
				E1FEDA5D2242E75700D17BE3 /* DeckItemViewModel.swift */,
			);
			path = AllDecks;
			sourceTree = "<group>";
		};
		E116045B22D0C2EF00E64FD4 /* AllCards */ = {
			isa = PBXGroup;
			children = (
				E116045C22D0C30D00E64FD4 /* CardsNavigator.swift */,
				E116045E22D0C47F00E64FD4 /* CardsViewController.swift */,
				E116046022D0E72700E64FD4 /* CardsViewModel.swift */,
				E1ED1DC722D7D4DF0052AEA9 /* CardItemViewModel.swift */,
				E1ED1DC622D7D4DF0052AEA9 /* CardTableViewCell.swift */,
			);
			path = AllCards;
			sourceTree = "<group>";
		};
		E116046622D2A46A00E64FD4 /* CreateCard */ = {
			isa = PBXGroup;
			children = (
				E116046922D2A4C300E64FD4 /* CreateCardNavigator.swift */,
				E116046722D2A4AC00E64FD4 /* CreateCardViewController.swift */,
				E116046B22D2A54900E64FD4 /* CreateCardViewModel.swift */,
			);
			path = CreateCard;
			sourceTree = "<group>";
		};
		E122506821A60DF0005B2D12 /* Frameworks */ = {
			isa = PBXGroup;
			children = (
				E1C6C78722CFB61000AE2484 /* Differentiator.framework */,
				E1DB59F522CF8499000387A6 /* RxDataSources.framework */,
				E1BFE4EB221CB0B1005FF6DB /* RxRealm.framework */,
				E118207A21ADF2AA00F1959B /* RxCocoa.framework */,
				E118207821ADF09A00F1959B /* RxSwift.framework */,
				E1E3A5C321A75D370043B441 /* Realm.framework */,
				E1E3A5C121A75C7D0043B441 /* RealmSwift.framework */,
			);
			name = Frameworks;
			sourceTree = "<group>";
		};
		E13C88BA22107D19009EDD13 /* Extensions */ = {
			isa = PBXGroup;
			children = (
				E13C88BB22107D19009EDD13 /* UIColor+Ext.swift */,
				E13C88BC22107D19009EDD13 /* UIView+Ext.swift */,
				E154F9762215697C00A7081B /* UIAlertController+Ext.swift */,
				E1FEDA5B2242E4BE00D17BE3 /* Observable+Ext.swift */,
			);
			path = Extensions;
			sourceTree = "<group>";
		};
		E15457DB21A4C619002ED341 = {
			isa = PBXGroup;
			children = (
				E1E518C0222DB87200E4AED2 /* Domain */,
				E15457E621A4C619002ED341 /* QCards */,
				E1104B6822272DA2001FFA9D /* Platform */,
				E15457E521A4C619002ED341 /* Products */,
				E122506821A60DF0005B2D12 /* Frameworks */,
			);
			sourceTree = "<group>";
		};
		E15457E521A4C619002ED341 /* Products */ = {
			isa = PBXGroup;
			children = (
				E15457E421A4C619002ED341 /* QCards.app */,
				E1104B6722272DA2001FFA9D /* Platform.framework */,
				E1E518B2222DB7F000E4AED2 /* Domain.framework */,
			);
			name = Products;
			sourceTree = "<group>";
		};
		E15457E621A4C619002ED341 /* QCards */ = {
			isa = PBXGroup;
			children = (
				E1104BA62227420B001FFA9D /* Application */,
				E1104BB42227488A001FFA9D /* Common */,
				E1104BB7222748DE001FFA9D /* Scenes */,
				E1BFE4DF221CA4EE005FF6DB /* Utility */,
				E15457F921A4C631002ED341 /* Supporting Files */,
				E15457E721A4C619002ED341 /* AppDelegate.swift */,
				E15457F321A4C61B002ED341 /* Info.plist */,
			);
			path = QCards;
			sourceTree = "<group>";
		};
		E15457F921A4C631002ED341 /* Supporting Files */ = {
			isa = PBXGroup;
			children = (
				E15457EE21A4C61B002ED341 /* Assets.xcassets */,
				E15457F021A4C61B002ED341 /* LaunchScreen.storyboard */,
			);
			path = "Supporting Files";
			sourceTree = "<group>";
		};
		E1A854E322D782FA0082574B /* EditCard */ = {
			isa = PBXGroup;
			children = (
				E1A854E422D7830F0082574B /* EditCardNavigator.swift */,
				E1A854E622D7831F0082574B /* EditCardViewController.swift */,
				E1A854E822D7832C0082574B /* EditCardViewModel.swift */,
			);
			path = EditCard;
			sourceTree = "<group>";
		};
		E1BFE4DF221CA4EE005FF6DB /* Utility */ = {
			isa = PBXGroup;
			children = (
				E13C88BA22107D19009EDD13 /* Extensions */,
				E1FEDA612242EBAF00D17BE3 /* Reusable.swift */,
			);
			path = Utility;
			sourceTree = "<group>";
		};
		E1E518C0222DB87200E4AED2 /* Domain */ = {
			isa = PBXGroup;
			children = (
				E1E518C7222DB9C400E4AED2 /* Entries */,
				E1E518C8222DB9CC00E4AED2 /* Use Cases */,
				E1E518C1222DB87200E4AED2 /* Domain.h */,
				E1E518C2222DB87200E4AED2 /* Info.plist */,
			);
			path = Domain;
			sourceTree = "<group>";
		};
		E1E518C7222DB9C400E4AED2 /* Entries */ = {
			isa = PBXGroup;
			children = (
				E1E518C5222DB9A900E4AED2 /* Deck.swift */,
				E116046D22D2A76700E64FD4 /* Card.swift */,
			);
			path = Entries;
			sourceTree = "<group>";
		};
		E1E518C8222DB9CC00E4AED2 /* Use Cases */ = {
			isa = PBXGroup;
			children = (
				E1E518C9222DB9E400E4AED2 /* UseCaseProvider.swift */,
				E1E518CB222DB9F000E4AED2 /* DecksUseCase.swift */,
				E116046F22D2AFF700E64FD4 /* CardsUseCase.swift */,
			);
			path = "Use Cases";
			sourceTree = "<group>";
		};
/* End PBXGroup section */

/* Begin PBXHeadersBuildPhase section */
		E1104B9F22273C97001FFA9D /* Headers */ = {
			isa = PBXHeadersBuildPhase;
			buildActionMask = 2147483647;
			files = (
				E1104BD12227D20A001FFA9D /* Platform.h in Headers */,
			);
			runOnlyForDeploymentPostprocessing = 0;
		};
		E1E518AD222DB7F000E4AED2 /* Headers */ = {
			isa = PBXHeadersBuildPhase;
			buildActionMask = 2147483647;
			files = (
				E1E518C3222DB87200E4AED2 /* Domain.h in Headers */,
			);
			runOnlyForDeploymentPostprocessing = 0;
		};
/* End PBXHeadersBuildPhase section */

/* Begin PBXNativeTarget section */
		E1104B6622272DA2001FFA9D /* Platform */ = {
			isa = PBXNativeTarget;
			buildConfigurationList = E1104B7022272DA2001FFA9D /* Build configuration list for PBXNativeTarget "Platform" */;
			buildPhases = (
				E1104B9F22273C97001FFA9D /* Headers */,
				E1104B6322272DA2001FFA9D /* Sources */,
				E1104B6422272DA2001FFA9D /* Frameworks */,
				E1104B6522272DA2001FFA9D /* Resources */,
			);
			buildRules = (
			);
			dependencies = (
			);
			name = Platform;
			productName = Platform;
			productReference = E1104B6722272DA2001FFA9D /* Platform.framework */;
			productType = "com.apple.product-type.framework";
		};
		E15457E321A4C619002ED341 /* QCards */ = {
			isa = PBXNativeTarget;
			buildConfigurationList = E15457F621A4C61B002ED341 /* Build configuration list for PBXNativeTarget "QCards" */;
			buildPhases = (
				E15457E021A4C619002ED341 /* Sources */,
				E15457E121A4C619002ED341 /* Frameworks */,
				E15457E221A4C619002ED341 /* Resources */,
				E122506721A60CD9005B2D12 /* Carthage Copy Frameworks */,
				E1104B6122272D92001FFA9D /* Embed Frameworks */,
				E118207C21ADF89E00F1959B /* SwiftLint */,
			);
			buildRules = (
			);
			dependencies = (
				E1104B6D22272DA2001FFA9D /* PBXTargetDependency */,
				E1E518B8222DB7F000E4AED2 /* PBXTargetDependency */,
			);
			name = QCards;
			productName = QCards;
			productReference = E15457E421A4C619002ED341 /* QCards.app */;
			productType = "com.apple.product-type.application";
		};
		E1E518B1222DB7F000E4AED2 /* Domain */ = {
			isa = PBXNativeTarget;
			buildConfigurationList = E1E518BB222DB7F000E4AED2 /* Build configuration list for PBXNativeTarget "Domain" */;
			buildPhases = (
				E1E518AD222DB7F000E4AED2 /* Headers */,
				E1E518AE222DB7F000E4AED2 /* Sources */,
				E1E518AF222DB7F000E4AED2 /* Frameworks */,
				E1E518B0222DB7F000E4AED2 /* Resources */,
			);
			buildRules = (
			);
			dependencies = (
			);
			name = Domain;
			productName = Domain;
			productReference = E1E518B2222DB7F000E4AED2 /* Domain.framework */;
			productType = "com.apple.product-type.framework";
		};
/* End PBXNativeTarget section */

/* Begin PBXProject section */
		E15457DC21A4C619002ED341 /* Project object */ = {
			isa = PBXProject;
			attributes = {
				LastSwiftUpdateCheck = 1010;
				LastUpgradeCheck = 1010;
				ORGANIZATIONNAME = "Andreas Lüdemann";
				TargetAttributes = {
					E1104B6622272DA2001FFA9D = {
						CreatedOnToolsVersion = 10.1;
						LastSwiftMigration = 1020;
					};
					E15457E321A4C619002ED341 = {
						CreatedOnToolsVersion = 10.1;
						LastSwiftMigration = 1020;
					};
					E1E518B1222DB7F000E4AED2 = {
						CreatedOnToolsVersion = 10.1;
						LastSwiftMigration = 1020;
					};
				};
			};
			buildConfigurationList = E15457DF21A4C619002ED341 /* Build configuration list for PBXProject "QCards" */;
			compatibilityVersion = "Xcode 9.3";
			developmentRegion = en;
			hasScannedForEncodings = 0;
			knownRegions = (
				en,
				Base,
			);
			mainGroup = E15457DB21A4C619002ED341;
			productRefGroup = E15457E521A4C619002ED341 /* Products */;
			projectDirPath = "";
			projectRoot = "";
			targets = (
				E15457E321A4C619002ED341 /* QCards */,
				E1104B6622272DA2001FFA9D /* Platform */,
				E1E518B1222DB7F000E4AED2 /* Domain */,
			);
		};
/* End PBXProject section */

/* Begin PBXResourcesBuildPhase section */
		E1104B6522272DA2001FFA9D /* Resources */ = {
			isa = PBXResourcesBuildPhase;
			buildActionMask = 2147483647;
			files = (
			);
			runOnlyForDeploymentPostprocessing = 0;
		};
		E15457E221A4C619002ED341 /* Resources */ = {
			isa = PBXResourcesBuildPhase;
			buildActionMask = 2147483647;
			files = (
				E15457F221A4C61B002ED341 /* LaunchScreen.storyboard in Resources */,
				E15457EF21A4C61B002ED341 /* Assets.xcassets in Resources */,
			);
			runOnlyForDeploymentPostprocessing = 0;
		};
		E1E518B0222DB7F000E4AED2 /* Resources */ = {
			isa = PBXResourcesBuildPhase;
			buildActionMask = 2147483647;
			files = (
			);
			runOnlyForDeploymentPostprocessing = 0;
		};
/* End PBXResourcesBuildPhase section */

/* Begin PBXShellScriptBuildPhase section */
		E118207C21ADF89E00F1959B /* SwiftLint */ = {
			isa = PBXShellScriptBuildPhase;
			buildActionMask = 2147483647;
			files = (
			);
			inputFileListPaths = (
			);
			inputPaths = (
			);
			name = SwiftLint;
			outputFileListPaths = (
			);
			outputPaths = (
			);
			runOnlyForDeploymentPostprocessing = 0;
			shellPath = /bin/sh;
			shellScript = "if which swiftlint >/dev/null; then\n    swiftlint\nelse\n    echo \"warning: SwiftLint not installed, download from https://github.com/realm/SwiftLint\"\nfi\n";
		};
		E122506721A60CD9005B2D12 /* Carthage Copy Frameworks */ = {
			isa = PBXShellScriptBuildPhase;
			buildActionMask = 2147483647;
			files = (
			);
			inputFileListPaths = (
			);
			inputPaths = (
				"$(SRCROOT)/Carthage/Build/iOS/RealmSwift.framework",
				"$(SRCROOT)/Carthage/Build/iOS/Realm.framework",
				"$(SRCROOT)/Carthage/Build/iOS/RxSwift.framework",
				"$(SRCROOT)/Carthage/Build/iOS/RxCocoa.framework",
				"$(SRCROOT)/Carthage/Build/iOS/RxRealm.framework",
				"$(SRCROOT)/Carthage/Build/iOS/RxDataSources.framework",
				"$(SRCROOT)/Carthage/Build/iOS/Differentiator.framework",
			);
			name = "Carthage Copy Frameworks";
			outputFileListPaths = (
			);
			outputPaths = (
				"$(BUILT_PRODUCTS_DIR)/$(FRAMEWORKS_FOLDER_PATH)/RealmSwift.framework",
				"$(BUILT_PRODUCTS_DIR)/$(FRAMEWORKS_FOLDER_PATH)/Realm.framework",
				"$(BUILT_PRODUCTS_DIR)/$(FRAMEWORKS_FOLDER_PATH)/RxSwift.framework",
				"$(BUILT_PRODUCTS_DIR)/$(FRAMEWORKS_FOLDER_PATH)/RxCocoa.framework",
				"$(BUILT_PRODUCTS_DIR)/$(FRAMEWORKS_FOLDER_PATH)/RxRealm.framework",
				"$(BUILT_PRODUCTS_DIR)/$(FRAMEWORKS_FOLDER_PATH)/RxDataSources.framework",
				"$(BUILT_PRODUCTS_DIR)/$(FRAMEWORKS_FOLDER_PATH)/Differentiator.framework",
			);
			runOnlyForDeploymentPostprocessing = 0;
			shellPath = /bin/sh;
			shellScript = "/usr/local/bin/carthage copy-frameworks\n";
		};
/* End PBXShellScriptBuildPhase section */

/* Begin PBXSourcesBuildPhase section */
		E1104B6322272DA2001FFA9D /* Sources */ = {
			isa = PBXSourcesBuildPhase;
			buildActionMask = 2147483647;
			files = (
				E1104BAE222743E3001FFA9D /* RMDeck.swift in Sources */,
				E1104B8C22273601001FFA9D /* RealmRepresentable.swift in Sources */,
				E1104B95222736CB001FFA9D /* Realm+Ext.swift in Sources */,
				E1104B9122273670001FFA9D /* RunLoopThreadScheduler.swift in Sources */,
				E1104BB222274725001FFA9D /* Expression.swift in Sources */,
				E1104BAA222742AF001FFA9D /* DecksUseCase.swift in Sources */,
				E1104BAC222742C5001FFA9D /* UseCaseProvider.swift in Sources */,
				E1104BD32227D346001FFA9D /* Attribute.swift in Sources */,
				E116047422D2B17C00E64FD4 /* CardsUseCase.swift in Sources */,
				E116047222D2B0C100E64FD4 /* RMCard.swift in Sources */,
				E1104B8A222735E0001FFA9D /* DomainConvertibleType.swift in Sources */,
				E1104B8E22273642001FFA9D /* Repository.swift in Sources */,
				E1104B93222736BA001FFA9D /* Observable+Ext.swift in Sources */,
			);
			runOnlyForDeploymentPostprocessing = 0;
		};
		E15457E021A4C619002ED341 /* Sources */ = {
			isa = PBXSourcesBuildPhase;
			buildActionMask = 2147483647;
			files = (
				E1FEDA5A2242E0FE00D17BE3 /* DecksViewController.swift in Sources */,
				E1104BA822274220001FFA9D /* Application.swift in Sources */,
				E116045F22D0C47F00E64FD4 /* CardsViewController.swift in Sources */,
				E1FEDA622242EBAF00D17BE3 /* Reusable.swift in Sources */,
				E13C88BE22107D19009EDD13 /* UIView+Ext.swift in Sources */,
				E1A854E922D7832C0082574B /* EditCardViewModel.swift in Sources */,
				E1FEDA582242E0BA00D17BE3 /* DecksViewModel.swift in Sources */,
				E1A854E722D7831F0082574B /* EditCardViewController.swift in Sources */,
				E1A854E522D7830F0082574B /* EditCardNavigator.swift in Sources */,
				E1ED1DC922D7D4DF0052AEA9 /* CardItemViewModel.swift in Sources */,
				E116046C22D2A54900E64FD4 /* CreateCardViewModel.swift in Sources */,
				E116046822D2A4AC00E64FD4 /* CreateCardViewController.swift in Sources */,
				E116046A22D2A4C300E64FD4 /* CreateCardNavigator.swift in Sources */,
				E1FEDA5C2242E4BE00D17BE3 /* Observable+Ext.swift in Sources */,
				E13C88BD22107D19009EDD13 /* UIColor+Ext.swift in Sources */,
				E116046122D0E72700E64FD4 /* CardsViewModel.swift in Sources */,
				E116046522D259B800E64FD4 /* RowAction.swift in Sources */,
				E116045D22D0C30D00E64FD4 /* CardsNavigator.swift in Sources */,
				E1FEDA5622419A1100D17BE3 /* DecksNavigator.swift in Sources */,
				E1FEDA602242E90400D17BE3 /* DeckTableViewCell.swift in Sources */,
				E1ED1DC822D7D4DF0052AEA9 /* CardTableViewCell.swift in Sources */,
				E1104BB6222748B0001FFA9D /* ViewModelType.swift in Sources */,
				E154F9772215697C00A7081B /* UIAlertController+Ext.swift in Sources */,
				E1FEDA5E2242E75700D17BE3 /* DeckItemViewModel.swift in Sources */,
				E15457E821A4C619002ED341 /* AppDelegate.swift in Sources */,
			);
			runOnlyForDeploymentPostprocessing = 0;
		};
		E1E518AE222DB7F000E4AED2 /* Sources */ = {
			isa = PBXSourcesBuildPhase;
			buildActionMask = 2147483647;
			files = (
				E116047022D2AFF700E64FD4 /* CardsUseCase.swift in Sources */,
				E1E518CC222DB9F000E4AED2 /* DecksUseCase.swift in Sources */,
				E1E518CA222DB9E400E4AED2 /* UseCaseProvider.swift in Sources */,
				E1E518C6222DB9A900E4AED2 /* Deck.swift in Sources */,
				E116046E22D2A76700E64FD4 /* Card.swift in Sources */,
			);
			runOnlyForDeploymentPostprocessing = 0;
		};
/* End PBXSourcesBuildPhase section */

/* Begin PBXTargetDependency section */
		E1104B6D22272DA2001FFA9D /* PBXTargetDependency */ = {
			isa = PBXTargetDependency;
			target = E1104B6622272DA2001FFA9D /* Platform */;
			targetProxy = E1104B6C22272DA2001FFA9D /* PBXContainerItemProxy */;
		};
		E1E518B8222DB7F000E4AED2 /* PBXTargetDependency */ = {
			isa = PBXTargetDependency;
			target = E1E518B1222DB7F000E4AED2 /* Domain */;
			targetProxy = E1E518B7222DB7F000E4AED2 /* PBXContainerItemProxy */;
		};
/* End PBXTargetDependency section */

/* Begin PBXVariantGroup section */
		E15457F021A4C61B002ED341 /* LaunchScreen.storyboard */ = {
			isa = PBXVariantGroup;
			children = (
				E15457F121A4C61B002ED341 /* Base */,
			);
			name = LaunchScreen.storyboard;
			sourceTree = "<group>";
		};
/* End PBXVariantGroup section */

/* Begin XCBuildConfiguration section */
		E1104B7122272DA2001FFA9D /* Debug */ = {
			isa = XCBuildConfiguration;
			buildSettings = {
				CLANG_ENABLE_MODULES = YES;
				CODE_SIGN_IDENTITY = "";
				CODE_SIGN_STYLE = Automatic;
				CURRENT_PROJECT_VERSION = 1;
				DEFINES_MODULE = YES;
				DEVELOPMENT_TEAM = XX77A4QKHR;
				DYLIB_COMPATIBILITY_VERSION = 1;
				DYLIB_CURRENT_VERSION = 1;
				DYLIB_INSTALL_NAME_BASE = "@rpath";
				FRAMEWORK_SEARCH_PATHS = (
					"$(inherited)",
					"$(PROJECT_DIR)/Carthage/Build/iOS",
				);
				INFOPLIST_FILE = Platform/Info.plist;
				INSTALL_PATH = "$(LOCAL_LIBRARY_DIR)/Frameworks";
				LD_RUNPATH_SEARCH_PATHS = (
					"$(inherited)",
					"@executable_path/Frameworks",
					"@loader_path/Frameworks",
				);
				PRODUCT_BUNDLE_IDENTIFIER = AL.Platform;
				PRODUCT_NAME = "$(TARGET_NAME:c99extidentifier)";
				SKIP_INSTALL = YES;
				SWIFT_OPTIMIZATION_LEVEL = "-Onone";
				SWIFT_VERSION = 5.0;
				TARGETED_DEVICE_FAMILY = "1,2";
				VERSIONING_SYSTEM = "apple-generic";
				VERSION_INFO_PREFIX = "";
			};
			name = Debug;
		};
		E1104B7222272DA2001FFA9D /* Release */ = {
			isa = XCBuildConfiguration;
			buildSettings = {
				CLANG_ENABLE_MODULES = YES;
				CODE_SIGN_IDENTITY = "";
				CODE_SIGN_STYLE = Automatic;
				CURRENT_PROJECT_VERSION = 1;
				DEFINES_MODULE = YES;
				DEVELOPMENT_TEAM = XX77A4QKHR;
				DYLIB_COMPATIBILITY_VERSION = 1;
				DYLIB_CURRENT_VERSION = 1;
				DYLIB_INSTALL_NAME_BASE = "@rpath";
				FRAMEWORK_SEARCH_PATHS = (
					"$(inherited)",
					"$(PROJECT_DIR)/Carthage/Build/iOS",
				);
				INFOPLIST_FILE = Platform/Info.plist;
				INSTALL_PATH = "$(LOCAL_LIBRARY_DIR)/Frameworks";
				LD_RUNPATH_SEARCH_PATHS = (
					"$(inherited)",
					"@executable_path/Frameworks",
					"@loader_path/Frameworks",
				);
				PRODUCT_BUNDLE_IDENTIFIER = AL.Platform;
				PRODUCT_NAME = "$(TARGET_NAME:c99extidentifier)";
				SKIP_INSTALL = YES;
				SWIFT_VERSION = 5.0;
				TARGETED_DEVICE_FAMILY = "1,2";
				VERSIONING_SYSTEM = "apple-generic";
				VERSION_INFO_PREFIX = "";
			};
			name = Release;
		};
		E15457F421A4C61B002ED341 /* Debug */ = {
			isa = XCBuildConfiguration;
			buildSettings = {
				ALWAYS_SEARCH_USER_PATHS = NO;
				CLANG_ANALYZER_NONNULL = YES;
				CLANG_ANALYZER_NUMBER_OBJECT_CONVERSION = YES_AGGRESSIVE;
				CLANG_CXX_LANGUAGE_STANDARD = "gnu++14";
				CLANG_CXX_LIBRARY = "libc++";
				CLANG_ENABLE_MODULES = YES;
				CLANG_ENABLE_OBJC_ARC = YES;
				CLANG_ENABLE_OBJC_WEAK = YES;
				CLANG_WARN_BLOCK_CAPTURE_AUTORELEASING = YES;
				CLANG_WARN_BOOL_CONVERSION = YES;
				CLANG_WARN_COMMA = YES;
				CLANG_WARN_CONSTANT_CONVERSION = YES;
				CLANG_WARN_DEPRECATED_OBJC_IMPLEMENTATIONS = YES;
				CLANG_WARN_DIRECT_OBJC_ISA_USAGE = YES_ERROR;
				CLANG_WARN_DOCUMENTATION_COMMENTS = YES;
				CLANG_WARN_EMPTY_BODY = YES;
				CLANG_WARN_ENUM_CONVERSION = YES;
				CLANG_WARN_INFINITE_RECURSION = YES;
				CLANG_WARN_INT_CONVERSION = YES;
				CLANG_WARN_NON_LITERAL_NULL_CONVERSION = YES;
				CLANG_WARN_OBJC_IMPLICIT_RETAIN_SELF = YES;
				CLANG_WARN_OBJC_LITERAL_CONVERSION = YES;
				CLANG_WARN_OBJC_ROOT_CLASS = YES_ERROR;
				CLANG_WARN_RANGE_LOOP_ANALYSIS = YES;
				CLANG_WARN_STRICT_PROTOTYPES = YES;
				CLANG_WARN_SUSPICIOUS_MOVE = YES;
				CLANG_WARN_UNGUARDED_AVAILABILITY = YES_AGGRESSIVE;
				CLANG_WARN_UNREACHABLE_CODE = YES;
				CLANG_WARN__DUPLICATE_METHOD_MATCH = YES;
				CODE_SIGN_IDENTITY = "iPhone Developer";
				COPY_PHASE_STRIP = NO;
				DEBUG_INFORMATION_FORMAT = dwarf;
				ENABLE_STRICT_OBJC_MSGSEND = YES;
				ENABLE_TESTABILITY = YES;
				GCC_C_LANGUAGE_STANDARD = gnu11;
				GCC_DYNAMIC_NO_PIC = NO;
				GCC_NO_COMMON_BLOCKS = YES;
				GCC_OPTIMIZATION_LEVEL = 0;
				GCC_PREPROCESSOR_DEFINITIONS = (
					"DEBUG=1",
					"$(inherited)",
				);
				GCC_WARN_64_TO_32_BIT_CONVERSION = YES;
				GCC_WARN_ABOUT_RETURN_TYPE = YES_ERROR;
				GCC_WARN_UNDECLARED_SELECTOR = YES;
				GCC_WARN_UNINITIALIZED_AUTOS = YES_AGGRESSIVE;
				GCC_WARN_UNUSED_FUNCTION = YES;
				GCC_WARN_UNUSED_VARIABLE = YES;
				IPHONEOS_DEPLOYMENT_TARGET = 12.1;
				MTL_ENABLE_DEBUG_INFO = INCLUDE_SOURCE;
				MTL_FAST_MATH = YES;
				ONLY_ACTIVE_ARCH = YES;
				SDKROOT = iphoneos;
				SWIFT_ACTIVE_COMPILATION_CONDITIONS = DEBUG;
				SWIFT_OPTIMIZATION_LEVEL = "-Onone";
			};
			name = Debug;
		};
		E15457F521A4C61B002ED341 /* Release */ = {
			isa = XCBuildConfiguration;
			buildSettings = {
				ALWAYS_SEARCH_USER_PATHS = NO;
				CLANG_ANALYZER_NONNULL = YES;
				CLANG_ANALYZER_NUMBER_OBJECT_CONVERSION = YES_AGGRESSIVE;
				CLANG_CXX_LANGUAGE_STANDARD = "gnu++14";
				CLANG_CXX_LIBRARY = "libc++";
				CLANG_ENABLE_MODULES = YES;
				CLANG_ENABLE_OBJC_ARC = YES;
				CLANG_ENABLE_OBJC_WEAK = YES;
				CLANG_WARN_BLOCK_CAPTURE_AUTORELEASING = YES;
				CLANG_WARN_BOOL_CONVERSION = YES;
				CLANG_WARN_COMMA = YES;
				CLANG_WARN_CONSTANT_CONVERSION = YES;
				CLANG_WARN_DEPRECATED_OBJC_IMPLEMENTATIONS = YES;
				CLANG_WARN_DIRECT_OBJC_ISA_USAGE = YES_ERROR;
				CLANG_WARN_DOCUMENTATION_COMMENTS = YES;
				CLANG_WARN_EMPTY_BODY = YES;
				CLANG_WARN_ENUM_CONVERSION = YES;
				CLANG_WARN_INFINITE_RECURSION = YES;
				CLANG_WARN_INT_CONVERSION = YES;
				CLANG_WARN_NON_LITERAL_NULL_CONVERSION = YES;
				CLANG_WARN_OBJC_IMPLICIT_RETAIN_SELF = YES;
				CLANG_WARN_OBJC_LITERAL_CONVERSION = YES;
				CLANG_WARN_OBJC_ROOT_CLASS = YES_ERROR;
				CLANG_WARN_RANGE_LOOP_ANALYSIS = YES;
				CLANG_WARN_STRICT_PROTOTYPES = YES;
				CLANG_WARN_SUSPICIOUS_MOVE = YES;
				CLANG_WARN_UNGUARDED_AVAILABILITY = YES_AGGRESSIVE;
				CLANG_WARN_UNREACHABLE_CODE = YES;
				CLANG_WARN__DUPLICATE_METHOD_MATCH = YES;
				CODE_SIGN_IDENTITY = "iPhone Developer";
				COPY_PHASE_STRIP = NO;
				DEBUG_INFORMATION_FORMAT = "dwarf-with-dsym";
				ENABLE_NS_ASSERTIONS = NO;
				ENABLE_STRICT_OBJC_MSGSEND = YES;
				GCC_C_LANGUAGE_STANDARD = gnu11;
				GCC_NO_COMMON_BLOCKS = YES;
				GCC_WARN_64_TO_32_BIT_CONVERSION = YES;
				GCC_WARN_ABOUT_RETURN_TYPE = YES_ERROR;
				GCC_WARN_UNDECLARED_SELECTOR = YES;
				GCC_WARN_UNINITIALIZED_AUTOS = YES_AGGRESSIVE;
				GCC_WARN_UNUSED_FUNCTION = YES;
				GCC_WARN_UNUSED_VARIABLE = YES;
				IPHONEOS_DEPLOYMENT_TARGET = 12.1;
				MTL_ENABLE_DEBUG_INFO = NO;
				MTL_FAST_MATH = YES;
				SDKROOT = iphoneos;
				SWIFT_COMPILATION_MODE = wholemodule;
				SWIFT_OPTIMIZATION_LEVEL = "-O";
				VALIDATE_PRODUCT = YES;
			};
			name = Release;
		};
		E15457F721A4C61B002ED341 /* Debug */ = {
			isa = XCBuildConfiguration;
			buildSettings = {
				ALWAYS_EMBED_SWIFT_STANDARD_LIBRARIES = YES;
				ASSETCATALOG_COMPILER_APPICON_NAME = AppIcon;
				CODE_SIGN_STYLE = Automatic;
				DEVELOPMENT_TEAM = XX77A4QKHR;
				FRAMEWORK_SEARCH_PATHS = (
					"$(inherited)",
					"$(PROJECT_DIR)/Carthage/Build/iOS",
				);
				INFOPLIST_FILE = QCards/Info.plist;
				LD_RUNPATH_SEARCH_PATHS = (
					"$(inherited)",
					"@executable_path/Frameworks",
				);
				PRODUCT_BUNDLE_IDENTIFIER = andreaslydemann.QCards;
				PRODUCT_NAME = "$(TARGET_NAME)";
				SWIFT_VERSION = 4.2;
				TARGETED_DEVICE_FAMILY = "1,2";
			};
			name = Debug;
		};
		E15457F821A4C61B002ED341 /* Release */ = {
			isa = XCBuildConfiguration;
			buildSettings = {
				ALWAYS_EMBED_SWIFT_STANDARD_LIBRARIES = YES;
				ASSETCATALOG_COMPILER_APPICON_NAME = AppIcon;
				CODE_SIGN_STYLE = Automatic;
				DEVELOPMENT_TEAM = XX77A4QKHR;
				FRAMEWORK_SEARCH_PATHS = (
					"$(inherited)",
					"$(PROJECT_DIR)/Carthage/Build/iOS",
				);
				INFOPLIST_FILE = QCards/Info.plist;
				LD_RUNPATH_SEARCH_PATHS = (
					"$(inherited)",
					"@executable_path/Frameworks",
				);
				PRODUCT_BUNDLE_IDENTIFIER = andreaslydemann.QCards;
				PRODUCT_NAME = "$(TARGET_NAME)";
				SWIFT_VERSION = 4.2;
				TARGETED_DEVICE_FAMILY = "1,2";
			};
			name = Release;
		};
		E1E518BC222DB7F000E4AED2 /* Debug */ = {
			isa = XCBuildConfiguration;
			buildSettings = {
				CLANG_ENABLE_MODULES = YES;
				CODE_SIGN_IDENTITY = "";
				CODE_SIGN_STYLE = Automatic;
				CURRENT_PROJECT_VERSION = 1;
				DEFINES_MODULE = YES;
				DEVELOPMENT_TEAM = XX77A4QKHR;
				DYLIB_COMPATIBILITY_VERSION = 1;
				DYLIB_CURRENT_VERSION = 1;
				DYLIB_INSTALL_NAME_BASE = "@rpath";
				FRAMEWORK_SEARCH_PATHS = "$(PROJECT_DIR)/Carthage/Build/iOS";
				INFOPLIST_FILE = Domain/Info.plist;
				INSTALL_PATH = "$(LOCAL_LIBRARY_DIR)/Frameworks";
				LD_RUNPATH_SEARCH_PATHS = (
					"$(inherited)",
					"@executable_path/Frameworks",
					"@loader_path/Frameworks",
				);
				PRODUCT_BUNDLE_IDENTIFIER = AL.Domain;
				PRODUCT_NAME = "$(TARGET_NAME:c99extidentifier)";
				SKIP_INSTALL = YES;
				SWIFT_OPTIMIZATION_LEVEL = "-Onone";
				SWIFT_VERSION = 5.0;
				TARGETED_DEVICE_FAMILY = "1,2";
				VERSIONING_SYSTEM = "apple-generic";
				VERSION_INFO_PREFIX = "";
			};
			name = Debug;
		};
		E1E518BD222DB7F000E4AED2 /* Release */ = {
			isa = XCBuildConfiguration;
			buildSettings = {
				CLANG_ENABLE_MODULES = YES;
				CODE_SIGN_IDENTITY = "";
				CODE_SIGN_STYLE = Automatic;
				CURRENT_PROJECT_VERSION = 1;
				DEFINES_MODULE = YES;
				DEVELOPMENT_TEAM = XX77A4QKHR;
				DYLIB_COMPATIBILITY_VERSION = 1;
				DYLIB_CURRENT_VERSION = 1;
				DYLIB_INSTALL_NAME_BASE = "@rpath";
				FRAMEWORK_SEARCH_PATHS = "$(PROJECT_DIR)/Carthage/Build/iOS";
				INFOPLIST_FILE = Domain/Info.plist;
				INSTALL_PATH = "$(LOCAL_LIBRARY_DIR)/Frameworks";
				LD_RUNPATH_SEARCH_PATHS = (
					"$(inherited)",
					"@executable_path/Frameworks",
					"@loader_path/Frameworks",
				);
				PRODUCT_BUNDLE_IDENTIFIER = AL.Domain;
				PRODUCT_NAME = "$(TARGET_NAME:c99extidentifier)";
				SKIP_INSTALL = YES;
				SWIFT_VERSION = 5.0;
				TARGETED_DEVICE_FAMILY = "1,2";
				VERSIONING_SYSTEM = "apple-generic";
				VERSION_INFO_PREFIX = "";
			};
			name = Release;
		};
/* End XCBuildConfiguration section */

/* Begin XCConfigurationList section */
		E1104B7022272DA2001FFA9D /* Build configuration list for PBXNativeTarget "Platform" */ = {
			isa = XCConfigurationList;
			buildConfigurations = (
				E1104B7122272DA2001FFA9D /* Debug */,
				E1104B7222272DA2001FFA9D /* Release */,
			);
			defaultConfigurationIsVisible = 0;
			defaultConfigurationName = Release;
		};
		E15457DF21A4C619002ED341 /* Build configuration list for PBXProject "QCards" */ = {
			isa = XCConfigurationList;
			buildConfigurations = (
				E15457F421A4C61B002ED341 /* Debug */,
				E15457F521A4C61B002ED341 /* Release */,
			);
			defaultConfigurationIsVisible = 0;
			defaultConfigurationName = Release;
		};
		E15457F621A4C61B002ED341 /* Build configuration list for PBXNativeTarget "QCards" */ = {
			isa = XCConfigurationList;
			buildConfigurations = (
				E15457F721A4C61B002ED341 /* Debug */,
				E15457F821A4C61B002ED341 /* Release */,
			);
			defaultConfigurationIsVisible = 0;
			defaultConfigurationName = Release;
		};
		E1E518BB222DB7F000E4AED2 /* Build configuration list for PBXNativeTarget "Domain" */ = {
			isa = XCConfigurationList;
			buildConfigurations = (
				E1E518BC222DB7F000E4AED2 /* Debug */,
				E1E518BD222DB7F000E4AED2 /* Release */,
			);
			defaultConfigurationIsVisible = 0;
			defaultConfigurationName = Release;
		};
/* End XCConfigurationList section */
	};
	rootObject = E15457DC21A4C619002ED341 /* Project object */;
}
